{
  "version": 4,
  "terraform_version": "1.12.2",
  "serial": 9,
  "lineage": "c52708cd-ffd6-e597-da84-71dde4fb4ffa",
  "outputs": {
    "cluster_ca_certificate": {
      "value": "LS0tLS1CRUdJTiBDRVJUSUZJQ0FURS0tLS0tCk1JSUVMRENDQXBTZ0F3SUJBZ0lRUVorWHF5R09ORkIvR3JYT3c1dGt1ekFOQmdrcWhraUc5dzBCQVFzRkFEQXYKTVMwd0t3WURWUVFERXlSbFpqVTVOelU0TXkxa04yUm1MVFJpWVRrdE9UVTBPUzB6WkdFNU5EVXhaVFEyWkRBdwpJQmNOTWpVeE1ESXdNREkxTkRVeVdoZ1BNakExTlRFd01UTXdNelUwTlRKYU1DOHhMVEFyQmdOVkJBTVRKR1ZtCk5UazNOVGd6TFdRM1pHWXROR0poT1MwNU5UUTVMVE5rWVRrME5URmxORFprTURDQ0FhSXdEUVlKS29aSWh2Y04KQVFFQkJRQURnZ0dQQURDQ0FZb0NnZ0dCQU1KRTZXUmdaNFhLUGxUVUNGbGFacDFmSDF3K1ZLblhFaXRBZFJmaApaNmxDNXNRdXZNZFhKOFUyVTVMQzBSRFpWZzRlSSt3Mm5uN1dIMFFKa0Q1K1pWOUE3bVE1SE5nRW8wNk9BbVFCClAvM2s1clJWVE00MytOYVl2dGMzcGlvYVhkOGVYczZFQkNWMVgrRmo1VEhPNmZtK29FTHY5c2NHSnRITjVQZ1YKTmRUMmszb0hqNlRCWk9uT08wMDdOV29MOUNZbFNIMnoyMU1oWlhHZFpzNWZpeFpvVWF4RW9nLzQxd2VOcnIzVwpoMi93eUN5Z0ZDR0ZHZzYvUTRIMmhzdWFSUnIveXRtT1Q2ejRSbnRpT3ZyNjFHQnU4N3lxeWhxdndrM1FZZHArCmxkRTRPbVQ1WXdEWmp0V3RXc0YvZzdOY3h6aDdLcXRmL2FQUno1K3ZJN0U2VmIyL3NLQnVJVjJhc1AveVJ6RVoKTWxUOVp5VkFwWWd5WUx2RXZVWnJ5dFI5Y1Q2OEVRMVpKRmpzVXBnWTRqai8vcmpOdVpPWnljZ0dpblBybEd5ZQpmdzdEM1NhVVdjUEhKSXk0cFlMZ0ZTbmN0Mkg4bGRPY0lsTUhDQ010VG1WZ2g2bG9LK2kyVGVuRG1vRExFUkMrCm5oRTlLTHg5TFdRTGxvV1laVFgzNG1wTitRSURBUUFCbzBJd1FEQU9CZ05WSFE4QkFmOEVCQU1DQWdRd0R3WUQKVlIwVEFRSC9CQVV3QXdFQi96QWRCZ05WSFE0RUZnUVUwR3FFNkdOU3ZHeG9ZK1EwK0hrRjNSUmJYb1l3RFFZSgpLb1pJaHZjTkFRRUxCUUFEZ2dHQkFKTkk3YkE5UTA3TTk4Ty9QMHdob1k5MFhLWVA2RCtwalB0S0wwM3FEY3ZiCjViQ3BGdUExWUxtMVVqam16K0swdTVFOFA4T1ZqZDhSMVZ0eDlieUtNeGZFOFg5UHErY2pwZHVJcGFSaWE4YjQKRThtLzIrNzNOcWhRSThjZGp0UWd5UlI3b0hld1FJQWVob29RalZDTGVLT3FnaFB6cmp5VElPUDk2NDUrbUtQUApNVHR1WGMrRDdtZks2YzFxZWwzMU51K1NmU2JxcWJJcXdWbExBemFLN1hTb0xnZGgzUTUwN0hHNUpUU0M2WStFCnRGVFZ0QW5HVk1LS1ZaaVZGaU8yZG0wRDZ0NUpsTTlFcUJUZSs0bCtVdy9DWWdmZVB0bGYyckdRNDArd2xTeVEKUGRZQm9ILzBTanhRdXVKVnRCMnlEOExnMG1UZXNZRHRTcGZ5R1NOR1pCaE5WUmZhM0g2bWdHS1dXU3F2VlF2YQpqY2xGTytNSDZTWnFHQzBUdHVvYmdzbjFEZExSdXEzQUJLUDBkeHpEdjJzOFZzSDZWZVFGTFlTa3B1K0MvOU9jCkREMmJ3ZFRQcEIxeHVZVlFEKzNPOGFqb3JJWnpXRnZveDdqTWlLdjZ2azFwU2s0clZSYlczdEN4UzdZdytiM1UKMzZHZE9qRDgwVXBDOXpnL0J0a2VKUT09Ci0tLS0tRU5EIENFUlRJRklDQVRFLS0tLS0K",
      "type": "string"
    },
    "cluster_endpoint": {
      "value": "136.110.15.34",
      "type": "string"
    },
    "cluster_name": {
      "value": "ml-inference-cluster",
      "type": "string"
    }
  },
  "resources": [
    {
      "mode": "managed",
      "type": "google_compute_network",
      "name": "inference",
      "provider": "provider[\"registry.terraform.io/hashicorp/google\"]",
      "instances": [
        {
          "schema_version": 0,
          "attributes": {
            "auto_create_subnetworks": false,
            "bgp_always_compare_med": false,
            "bgp_best_path_selection_mode": "LEGACY",
            "bgp_inter_region_cost": "",
            "delete_default_routes_on_create": false,
            "description": "",
            "enable_ula_internal_ipv6": false,
            "gateway_ipv4": "",
            "id": "projects/polyp-mlops-1506/global/networks/inference-vpc-network",
            "internal_ipv6_range": "",
            "mtu": 0,
            "name": "inference-vpc-network",
            "network_firewall_policy_enforcement_order": "AFTER_CLASSIC_FIREWALL",
            "network_id": "8197957913778064573",
            "network_profile": "",
            "numeric_id": "8197957913778064573",
            "params": [],
            "project": "polyp-mlops-1506",
            "routing_mode": "REGIONAL",
            "self_link": "https://www.googleapis.com/compute/v1/projects/polyp-mlops-1506/global/networks/inference-vpc-network",
            "timeouts": null
          },
          "sensitive_attributes": [],
          "identity_schema_version": 0,
          "private": "eyJlMmJmYjczMC1lY2FhLTExZTYtOGY4OC0zNDM2M2JjN2M0YzAiOnsiY3JlYXRlIjoxMjAwMDAwMDAwMDAwLCJkZWxldGUiOjEyMDAwMDAwMDAwMDAsInVwZGF0ZSI6MTIwMDAwMDAwMDAwMH19",
          "dependencies": [
            "google_project_service.required"
          ]
        }
      ]
    },
    {
      "mode": "managed",
      "type": "google_compute_subnetwork",
      "name": "inference",
      "provider": "provider[\"registry.terraform.io/hashicorp/google\"]",
      "instances": [
        {
          "schema_version": 0,
          "attributes": {
            "creation_timestamp": "2025-10-19T20:54:08.119-07:00",
            "description": "",
            "external_ipv6_prefix": "",
            "fingerprint": null,
            "gateway_address": "10.10.0.1",
            "id": "projects/polyp-mlops-1506/regions/asia-southeast1/subnetworks/inference-subnet",
            "internal_ipv6_prefix": "",
            "ip_cidr_range": "10.10.0.0/24",
            "ip_collection": null,
            "ipv6_access_type": "",
            "ipv6_cidr_range": "",
            "ipv6_gce_endpoint": "",
            "log_config": [],
            "name": "inference-subnet",
            "network": "https://www.googleapis.com/compute/v1/projects/polyp-mlops-1506/global/networks/inference-vpc-network",
            "params": [],
            "private_ip_google_access": false,
            "private_ipv6_google_access": "DISABLE_GOOGLE_ACCESS",
            "project": "polyp-mlops-1506",
            "purpose": "PRIVATE",
            "region": "asia-southeast1",
            "reserved_internal_range": "",
            "role": "",
            "secondary_ip_range": [
              {
                "ip_cidr_range": "10.20.0.0/16",
                "range_name": "pods",
                "reserved_internal_range": ""
              },
              {
                "ip_cidr_range": "10.30.0.0/20",
                "range_name": "services",
                "reserved_internal_range": ""
              }
            ],
            "self_link": "https://www.googleapis.com/compute/v1/projects/polyp-mlops-1506/regions/asia-southeast1/subnetworks/inference-subnet",
            "send_secondary_ip_range_if_empty": null,
            "stack_type": "IPV4_ONLY",
            "state": "",
            "subnetwork_id": 7202868021983448207,
            "timeouts": null
          },
          "sensitive_attributes": [],
          "identity_schema_version": 0,
          "private": "eyJlMmJmYjczMC1lY2FhLTExZTYtOGY4OC0zNDM2M2JjN2M0YzAiOnsiY3JlYXRlIjoxMjAwMDAwMDAwMDAwLCJkZWxldGUiOjEyMDAwMDAwMDAwMDAsInVwZGF0ZSI6MTIwMDAwMDAwMDAwMH19",
          "dependencies": [
            "google_compute_network.inference",
            "google_project_service.required"
          ]
        }
      ]
    },
    {
      "mode": "managed",
      "type": "google_container_cluster",
      "name": "inference",
      "provider": "provider[\"registry.terraform.io/hashicorp/google\"]",
      "instances": [
        {
          "schema_version": 2,
          "attributes": {
            "addons_config": [
              {
                "cloudrun_config": [],
                "config_connector_config": [],
                "dns_cache_config": [],
                "gce_persistent_disk_csi_driver_config": [
                  {
                    "enabled": true
                  }
                ],
                "gcp_filestore_csi_driver_config": [],
                "gcs_fuse_csi_driver_config": [],
                "gke_backup_agent_config": [],
                "horizontal_pod_autoscaling": [],
                "http_load_balancing": [],
                "lustre_csi_driver_config": [],
                "network_policy_config": [
                  {
                    "disabled": true
                  }
                ],
                "parallelstore_csi_driver_config": [],
                "ray_operator_config": [],
                "stateful_ha_config": []
              }
            ],
            "allow_net_admin": null,
            "anonymous_authentication_config": [
              {
                "mode": "ENABLED"
              }
            ],
            "authenticator_groups_config": [],
            "binary_authorization": [
              {
                "enabled": false,
                "evaluation_mode": ""
              }
            ],
            "cluster_autoscaling": [
              {
                "auto_provisioning_defaults": [],
                "auto_provisioning_locations": [],
                "autoscaling_profile": "BALANCED",
                "default_compute_class_enabled": false,
                "enabled": false,
                "resource_limits": []
              }
            ],
            "cluster_ipv4_cidr": "10.20.0.0/16",
            "confidential_nodes": [],
            "control_plane_endpoints_config": [
              {
                "dns_endpoint_config": [
                  {
                    "allow_external_traffic": false,
                    "endpoint": "gke-3da1ce93cd3644e98b300742435b5530a9b1-474845117501.asia-southeast1.gke.goog"
                  }
                ],
                "ip_endpoints_config": [
                  {
                    "enabled": true
                  }
                ]
              }
            ],
            "cost_management_config": [],
            "database_encryption": [
              {
                "key_name": "",
                "state": "DECRYPTED"
              }
            ],
            "datapath_provider": "",
            "default_max_pods_per_node": 110,
            "default_snat_status": [
              {
                "disabled": false
              }
            ],
            "deletion_protection": false,
            "description": "",
            "disable_l4_lb_firewall_reconciliation": false,
            "dns_config": [],
            "effective_labels": {
              "goog-terraform-provisioned": "true"
            },
            "enable_autopilot": false,
            "enable_cilium_clusterwide_network_policy": false,
            "enable_fqdn_network_policy": false,
            "enable_intranode_visibility": false,
            "enable_k8s_beta_apis": [],
            "enable_kubernetes_alpha": false,
            "enable_l4_ilb_subsetting": false,
            "enable_legacy_abac": false,
            "enable_multi_networking": false,
            "enable_shielded_nodes": true,
            "enable_tpu": false,
            "endpoint": "136.110.15.34",
            "enterprise_config": [
              {
                "cluster_tier": "STANDARD",
                "desired_tier": ""
              }
            ],
            "fleet": [],
            "gateway_api_config": [],
            "gke_auto_upgrade_config": [],
            "id": "projects/polyp-mlops-1506/locations/asia-southeast1/clusters/ml-inference-cluster",
            "identity_service_config": [],
            "in_transit_encryption_config": "",
            "initial_node_count": 1,
            "ip_allocation_policy": [
              {
                "additional_ip_ranges_config": [],
                "additional_pod_ranges_config": [],
                "auto_ipam_config": [],
                "cluster_ipv4_cidr_block": "10.20.0.0/16",
                "cluster_secondary_range_name": "pods",
                "pod_cidr_overprovision_config": [
                  {
                    "disabled": false
                  }
                ],
                "services_ipv4_cidr_block": "10.30.0.0/20",
                "services_secondary_range_name": "services",
                "stack_type": "IPV4"
              }
            ],
            "label_fingerprint": "78cdf2f6",
            "location": "asia-southeast1",
            "logging_config": [
              {
                "enable_components": [
                  "SYSTEM_COMPONENTS",
                  "WORKLOADS"
                ]
              }
            ],
            "logging_service": "logging.googleapis.com/kubernetes",
            "maintenance_policy": [],
            "master_auth": [
              {
                "client_certificate": "",
                "client_certificate_config": [
                  {
                    "issue_client_certificate": false
                  }
                ],
                "client_key": "",
                "cluster_ca_certificate": "LS0tLS1CRUdJTiBDRVJUSUZJQ0FURS0tLS0tCk1JSUVMRENDQXBTZ0F3SUJBZ0lRUVorWHF5R09ORkIvR3JYT3c1dGt1ekFOQmdrcWhraUc5dzBCQVFzRkFEQXYKTVMwd0t3WURWUVFERXlSbFpqVTVOelU0TXkxa04yUm1MVFJpWVRrdE9UVTBPUzB6WkdFNU5EVXhaVFEyWkRBdwpJQmNOTWpVeE1ESXdNREkxTkRVeVdoZ1BNakExTlRFd01UTXdNelUwTlRKYU1DOHhMVEFyQmdOVkJBTVRKR1ZtCk5UazNOVGd6TFdRM1pHWXROR0poT1MwNU5UUTVMVE5rWVRrME5URmxORFprTURDQ0FhSXdEUVlKS29aSWh2Y04KQVFFQkJRQURnZ0dQQURDQ0FZb0NnZ0dCQU1KRTZXUmdaNFhLUGxUVUNGbGFacDFmSDF3K1ZLblhFaXRBZFJmaApaNmxDNXNRdXZNZFhKOFUyVTVMQzBSRFpWZzRlSSt3Mm5uN1dIMFFKa0Q1K1pWOUE3bVE1SE5nRW8wNk9BbVFCClAvM2s1clJWVE00MytOYVl2dGMzcGlvYVhkOGVYczZFQkNWMVgrRmo1VEhPNmZtK29FTHY5c2NHSnRITjVQZ1YKTmRUMmszb0hqNlRCWk9uT08wMDdOV29MOUNZbFNIMnoyMU1oWlhHZFpzNWZpeFpvVWF4RW9nLzQxd2VOcnIzVwpoMi93eUN5Z0ZDR0ZHZzYvUTRIMmhzdWFSUnIveXRtT1Q2ejRSbnRpT3ZyNjFHQnU4N3lxeWhxdndrM1FZZHArCmxkRTRPbVQ1WXdEWmp0V3RXc0YvZzdOY3h6aDdLcXRmL2FQUno1K3ZJN0U2VmIyL3NLQnVJVjJhc1AveVJ6RVoKTWxUOVp5VkFwWWd5WUx2RXZVWnJ5dFI5Y1Q2OEVRMVpKRmpzVXBnWTRqai8vcmpOdVpPWnljZ0dpblBybEd5ZQpmdzdEM1NhVVdjUEhKSXk0cFlMZ0ZTbmN0Mkg4bGRPY0lsTUhDQ010VG1WZ2g2bG9LK2kyVGVuRG1vRExFUkMrCm5oRTlLTHg5TFdRTGxvV1laVFgzNG1wTitRSURBUUFCbzBJd1FEQU9CZ05WSFE4QkFmOEVCQU1DQWdRd0R3WUQKVlIwVEFRSC9CQVV3QXdFQi96QWRCZ05WSFE0RUZnUVUwR3FFNkdOU3ZHeG9ZK1EwK0hrRjNSUmJYb1l3RFFZSgpLb1pJaHZjTkFRRUxCUUFEZ2dHQkFKTkk3YkE5UTA3TTk4Ty9QMHdob1k5MFhLWVA2RCtwalB0S0wwM3FEY3ZiCjViQ3BGdUExWUxtMVVqam16K0swdTVFOFA4T1ZqZDhSMVZ0eDlieUtNeGZFOFg5UHErY2pwZHVJcGFSaWE4YjQKRThtLzIrNzNOcWhRSThjZGp0UWd5UlI3b0hld1FJQWVob29RalZDTGVLT3FnaFB6cmp5VElPUDk2NDUrbUtQUApNVHR1WGMrRDdtZks2YzFxZWwzMU51K1NmU2JxcWJJcXdWbExBemFLN1hTb0xnZGgzUTUwN0hHNUpUU0M2WStFCnRGVFZ0QW5HVk1LS1ZaaVZGaU8yZG0wRDZ0NUpsTTlFcUJUZSs0bCtVdy9DWWdmZVB0bGYyckdRNDArd2xTeVEKUGRZQm9ILzBTanhRdXVKVnRCMnlEOExnMG1UZXNZRHRTcGZ5R1NOR1pCaE5WUmZhM0g2bWdHS1dXU3F2VlF2YQpqY2xGTytNSDZTWnFHQzBUdHVvYmdzbjFEZExSdXEzQUJLUDBkeHpEdjJzOFZzSDZWZVFGTFlTa3B1K0MvOU9jCkREMmJ3ZFRQcEIxeHVZVlFEKzNPOGFqb3JJWnpXRnZveDdqTWlLdjZ2azFwU2s0clZSYlczdEN4UzdZdytiM1UKMzZHZE9qRDgwVXBDOXpnL0J0a2VKUT09Ci0tLS0tRU5EIENFUlRJRklDQVRFLS0tLS0K"
              }
            ],
            "master_authorized_networks_config": [],
            "master_version": "1.33.5-gke.1080000",
            "mesh_certificates": [],
            "min_master_version": null,
            "monitoring_config": [
              {
                "advanced_datapath_observability_config": [
                  {
                    "enable_metrics": false,
                    "enable_relay": false
                  }
                ],
                "enable_components": [
                  "SYSTEM_COMPONENTS",
                  "DAEMONSET",
                  "DEPLOYMENT",
                  "STATEFULSET",
                  "JOBSET",
                  "STORAGE",
                  "HPA",
                  "POD",
                  "CADVISOR",
                  "KUBELET",
                  "DCGM"
                ],
                "managed_prometheus": [
                  {
                    "auto_monitoring_config": [],
                    "enabled": true
                  }
                ]
              }
            ],
            "monitoring_service": "monitoring.googleapis.com/kubernetes",
            "name": "ml-inference-cluster",
            "network": "projects/polyp-mlops-1506/global/networks/inference-vpc-network",
            "network_performance_config": [],
            "network_policy": [
              {
                "enabled": false,
                "provider": "PROVIDER_UNSPECIFIED"
              }
            ],
            "networking_mode": "VPC_NATIVE",
            "node_config": [],
            "node_locations": [
              "asia-southeast1-a",
              "asia-southeast1-b",
              "asia-southeast1-c"
            ],
            "node_pool": [],
            "node_pool_auto_config": [
              {
                "linux_node_config": [],
                "network_tags": [],
                "node_kubelet_config": [
                  {
                    "insecure_kubelet_readonly_port_enabled": "FALSE"
                  }
                ],
                "resource_manager_tags": {}
              }
            ],
            "node_pool_defaults": [
              {
                "node_config_defaults": [
                  {
                    "containerd_config": [],
                    "gcfs_config": [],
                    "insecure_kubelet_readonly_port_enabled": "FALSE",
                    "logging_variant": "DEFAULT"
                  }
                ]
              }
            ],
            "node_version": "1.33.5-gke.1080000",
            "notification_config": [
              {
                "pubsub": [
                  {
                    "enabled": false,
                    "filter": [],
                    "topic": ""
                  }
                ]
              }
            ],
            "operation": null,
            "pod_autoscaling": [
              {
                "hpa_profile": "PERFORMANCE"
              }
            ],
            "private_cluster_config": [
              {
                "enable_private_endpoint": false,
                "enable_private_nodes": false,
                "master_global_access_config": [
                  {
                    "enabled": false
                  }
                ],
                "master_ipv4_cidr_block": "",
                "peering_name": "",
                "private_endpoint": "10.10.0.2",
                "private_endpoint_subnetwork": "",
                "public_endpoint": "136.110.15.34"
              }
            ],
            "private_ipv6_google_access": "",
            "project": "polyp-mlops-1506",
            "rbac_binding_config": [
              {
                "enable_insecure_binding_system_authenticated": true,
                "enable_insecure_binding_system_unauthenticated": true
              }
            ],
            "release_channel": [
              {
                "channel": "REGULAR"
              }
            ],
            "remove_default_node_pool": true,
            "resource_labels": null,
            "resource_usage_export_config": [],
            "secret_manager_config": [
              {
                "enabled": false,
                "rotation_config": []
              }
            ],
            "security_posture_config": [
              {
                "mode": "BASIC",
                "vulnerability_mode": "VULNERABILITY_MODE_UNSPECIFIED"
              }
            ],
            "self_link": "https://container.googleapis.com/v1/projects/polyp-mlops-1506/locations/asia-southeast1/clusters/ml-inference-cluster",
            "service_external_ips_config": [
              {
                "enabled": false
              }
            ],
            "services_ipv4_cidr": "10.30.0.0/20",
            "subnetwork": "projects/polyp-mlops-1506/regions/asia-southeast1/subnetworks/inference-subnet",
            "terraform_labels": {
              "goog-terraform-provisioned": "true"
            },
            "timeouts": null,
            "tpu_ipv4_cidr_block": "",
            "user_managed_keys_config": [],
            "vertical_pod_autoscaling": [],
            "workload_identity_config": [
              {
                "workload_pool": "polyp-mlops-1506.svc.id.goog"
              }
            ]
          },
          "sensitive_attributes": [
            [
              {
                "type": "get_attr",
                "value": "master_auth"
              },
              {
                "type": "index",
                "value": {
                  "value": 0,
                  "type": "number"
                }
              },
              {
                "type": "get_attr",
                "value": "client_key"
              }
            ]
          ],
          "identity_schema_version": 0,
          "private": "eyJlMmJmYjczMC1lY2FhLTExZTYtOGY4OC0zNDM2M2JjN2M0YzAiOnsiY3JlYXRlIjoyNDAwMDAwMDAwMDAwLCJkZWxldGUiOjI0MDAwMDAwMDAwMDAsInJlYWQiOjI0MDAwMDAwMDAwMDAsInVwZGF0ZSI6MzYwMDAwMDAwMDAwMH0sInNjaGVtYV92ZXJzaW9uIjoiMiJ9",
          "dependencies": [
            "google_compute_network.inference",
            "google_compute_subnetwork.inference",
            "google_project_service.required"
          ]
        }
      ]
    },
    {
      "mode": "managed",
      "type": "google_container_node_pool",
      "name": "primary",
      "provider": "provider[\"registry.terraform.io/hashicorp/google\"]",
      "instances": [
        {
          "schema_version": 1,
          "attributes": {
            "autoscaling": [
              {
                "location_policy": "BALANCED",
                "max_node_count": 2,
                "min_node_count": 1,
                "total_max_node_count": 0,
                "total_min_node_count": 0
              }
            ],
            "cluster": "ml-inference-cluster",
            "id": "projects/polyp-mlops-1506/locations/asia-southeast1/clusters/ml-inference-cluster/nodePools/primary-pool",
            "initial_node_count": 0,
            "instance_group_urls": [
              "https://www.googleapis.com/compute/v1/projects/polyp-mlops-1506/zones/asia-southeast1-b/instanceGroupManagers/gke-ml-inference-cluster-primary-pool-85aa9617-grp",
              "https://www.googleapis.com/compute/v1/projects/polyp-mlops-1506/zones/asia-southeast1-a/instanceGroupManagers/gke-ml-inference-cluster-primary-pool-56b6ecff-grp",
              "https://www.googleapis.com/compute/v1/projects/polyp-mlops-1506/zones/asia-southeast1-c/instanceGroupManagers/gke-ml-inference-cluster-primary-pool-073b4f34-grp"
            ],
            "location": "asia-southeast1",
            "managed_instance_group_urls": [
              "https://www.googleapis.com/compute/v1/projects/polyp-mlops-1506/zones/asia-southeast1-b/instanceGroups/gke-ml-inference-cluster-primary-pool-85aa9617-grp",
              "https://www.googleapis.com/compute/v1/projects/polyp-mlops-1506/zones/asia-southeast1-a/instanceGroups/gke-ml-inference-cluster-primary-pool-56b6ecff-grp",
              "https://www.googleapis.com/compute/v1/projects/polyp-mlops-1506/zones/asia-southeast1-c/instanceGroups/gke-ml-inference-cluster-primary-pool-073b4f34-grp"
            ],
            "management": [
              {
                "auto_repair": true,
                "auto_upgrade": true
              }
            ],
            "max_pods_per_node": 110,
            "name": "primary-pool",
            "name_prefix": "",
            "network_config": [
              {
                "additional_node_network_configs": [],
                "additional_pod_network_configs": [],
                "create_pod_range": false,
                "enable_private_nodes": false,
                "network_performance_config": [],
                "pod_cidr_overprovision_config": [],
                "pod_ipv4_cidr_block": "10.20.0.0/16",
                "pod_range": "pods",
                "subnetwork": "projects/polyp-mlops-1506/regions/asia-southeast1/subnetworks/inference-subnet"
              }
            ],
            "node_config": [
              {
                "advanced_machine_features": [],
                "boot_disk": [
                  {
                    "disk_type": "pd-standard",
                    "provisioned_iops": 0,
                    "provisioned_throughput": 0,
                    "size_gb": 100
                  }
                ],
                "boot_disk_kms_key": "",
                "confidential_nodes": [],
                "containerd_config": [],
                "disk_size_gb": 100,
                "disk_type": "pd-standard",
                "effective_taints": [],
                "enable_confidential_storage": false,
                "ephemeral_storage_local_ssd_config": [],
                "fast_socket": [],
                "flex_start": false,
                "gcfs_config": [],
                "guest_accelerator": [],
                "gvnic": [],
                "host_maintenance_policy": [],
                "image_type": "COS_CONTAINERD",
                "kubelet_config": [
                  {
                    "allowed_unsafe_sysctls": [],
                    "container_log_max_files": 0,
                    "container_log_max_size": "",
                    "cpu_cfs_quota": false,
                    "cpu_cfs_quota_period": "",
                    "cpu_manager_policy": "",
                    "eviction_max_pod_grace_period_seconds": 0,
                    "eviction_minimum_reclaim": [],
                    "eviction_soft": [],
                    "eviction_soft_grace_period": [],
                    "image_gc_high_threshold_percent": 0,
                    "image_gc_low_threshold_percent": 0,
                    "image_maximum_gc_age": "",
                    "image_minimum_gc_age": "",
                    "insecure_kubelet_readonly_port_enabled": "FALSE",
                    "max_parallel_image_pulls": 2,
                    "memory_manager": [],
                    "pod_pids_limit": 0,
                    "single_process_oom_kill": false,
                    "topology_manager": []
                  }
                ],
                "labels": {},
                "linux_node_config": [],
                "local_nvme_ssd_block_config": [],
                "local_ssd_count": 0,
                "local_ssd_encryption_mode": "",
                "logging_variant": "DEFAULT",
                "machine_type": "e2-standard-4",
                "max_run_duration": "",
                "metadata": {
                  "disable-legacy-endpoints": "true"
                },
                "min_cpu_platform": "",
                "node_group": "",
                "oauth_scopes": [
                  "https://www.googleapis.com/auth/cloud-platform"
                ],
                "preemptible": false,
                "reservation_affinity": [],
                "resource_labels": {
                  "goog-gke-node-pool-provisioning-model": "on-demand"
                },
                "resource_manager_tags": null,
                "secondary_boot_disks": [],
                "service_account": "default",
                "shielded_instance_config": [
                  {
                    "enable_integrity_monitoring": true,
                    "enable_secure_boot": false
                  }
                ],
                "sole_tenant_config": [],
                "spot": false,
                "storage_pools": null,
                "tags": [],
                "taint": [],
                "windows_node_config": [
                  {
                    "osversion": ""
                  }
                ],
                "workload_metadata_config": [
                  {
                    "mode": "GKE_METADATA"
                  }
                ]
              }
            ],
            "node_count": 0,
            "node_locations": [
              "asia-southeast1-a",
              "asia-southeast1-b",
              "asia-southeast1-c"
            ],
            "operation": null,
            "placement_policy": [],
            "project": "polyp-mlops-1506",
            "queued_provisioning": [],
            "timeouts": null,
            "upgrade_settings": [
              {
                "blue_green_settings": [],
                "max_surge": 1,
                "max_unavailable": 0,
                "strategy": "SURGE"
              }
            ],
            "version": "1.33.5-gke.1080000"
          },
          "sensitive_attributes": [],
          "identity_schema_version": 0,
          "private": "eyJlMmJmYjczMC1lY2FhLTExZTYtOGY4OC0zNDM2M2JjN2M0YzAiOnsiY3JlYXRlIjoxODAwMDAwMDAwMDAwLCJkZWxldGUiOjE4MDAwMDAwMDAwMDAsInVwZGF0ZSI6MTgwMDAwMDAwMDAwMH0sInNjaGVtYV92ZXJzaW9uIjoiMSJ9",
          "dependencies": [
            "google_compute_network.inference",
            "google_compute_subnetwork.inference",
            "google_container_cluster.inference",
            "google_project_service.required"
          ]
        }
      ]
    },
    {
      "mode": "managed",
      "type": "google_project_service",
      "name": "required",
      "provider": "provider[\"registry.terraform.io/hashicorp/google\"]",
      "instances": [
        {
          "index_key": "artifactregistry.googleapis.com",
          "schema_version": 0,
          "attributes": {
            "disable_dependent_services": null,
            "disable_on_destroy": null,
            "id": "polyp-mlops-1506/artifactregistry.googleapis.com",
            "project": "polyp-mlops-1506",
            "service": "artifactregistry.googleapis.com",
            "timeouts": null
          },
          "sensitive_attributes": [],
          "identity_schema_version": 0,
          "private": "eyJlMmJmYjczMC1lY2FhLTExZTYtOGY4OC0zNDM2M2JjN2M0YzAiOnsiY3JlYXRlIjoxMjAwMDAwMDAwMDAwLCJkZWxldGUiOjEyMDAwMDAwMDAwMDAsInJlYWQiOjYwMDAwMDAwMDAwMCwidXBkYXRlIjoxMjAwMDAwMDAwMDAwfX0="
        },
        {
          "index_key": "compute.googleapis.com",
          "schema_version": 0,
          "attributes": {
            "disable_dependent_services": null,
            "disable_on_destroy": null,
            "id": "polyp-mlops-1506/compute.googleapis.com",
            "project": "polyp-mlops-1506",
            "service": "compute.googleapis.com",
            "timeouts": null
          },
          "sensitive_attributes": [],
          "identity_schema_version": 0,
          "private": "eyJlMmJmYjczMC1lY2FhLTExZTYtOGY4OC0zNDM2M2JjN2M0YzAiOnsiY3JlYXRlIjoxMjAwMDAwMDAwMDAwLCJkZWxldGUiOjEyMDAwMDAwMDAwMDAsInJlYWQiOjYwMDAwMDAwMDAwMCwidXBkYXRlIjoxMjAwMDAwMDAwMDAwfX0="
        },
        {
          "index_key": "container.googleapis.com",
          "schema_version": 0,
          "attributes": {
            "disable_dependent_services": null,
            "disable_on_destroy": null,
            "id": "polyp-mlops-1506/container.googleapis.com",
            "project": "polyp-mlops-1506",
            "service": "container.googleapis.com",
            "timeouts": null
          },
          "sensitive_attributes": [],
          "identity_schema_version": 0,
          "private": "eyJlMmJmYjczMC1lY2FhLTExZTYtOGY4OC0zNDM2M2JjN2M0YzAiOnsiY3JlYXRlIjoxMjAwMDAwMDAwMDAwLCJkZWxldGUiOjEyMDAwMDAwMDAwMDAsInJlYWQiOjYwMDAwMDAwMDAwMCwidXBkYXRlIjoxMjAwMDAwMDAwMDAwfX0="
        },
        {
          "index_key": "iam.googleapis.com",
          "schema_version": 0,
          "attributes": {
            "disable_dependent_services": null,
            "disable_on_destroy": null,
            "id": "polyp-mlops-1506/iam.googleapis.com",
            "project": "polyp-mlops-1506",
            "service": "iam.googleapis.com",
            "timeouts": null
          },
          "sensitive_attributes": [],
          "identity_schema_version": 0,
          "private": "eyJlMmJmYjczMC1lY2FhLTExZTYtOGY4OC0zNDM2M2JjN2M0YzAiOnsiY3JlYXRlIjoxMjAwMDAwMDAwMDAwLCJkZWxldGUiOjEyMDAwMDAwMDAwMDAsInJlYWQiOjYwMDAwMDAwMDAwMCwidXBkYXRlIjoxMjAwMDAwMDAwMDAwfX0="
        }
      ]
    }
  ],
  "check_results": null
}
